
Microsoft Visual Studio Solution File, Format Version 12.00
# Visual Studio 15
VisualStudioVersion = 15.0.27130.0
MinimumVisualStudioVersion = 10.0.40219.1
Project("{FAE04EC0-301F-11D3-BF4B-00C04F79EFBC}") = "Euler12", "Euler12\Euler12.csproj", "{0310A9EA-BB43-40C0-A2D8-5045ECCC49AD}"
EndProject
Global
	GlobalSection(SolutionConfigurationPlatforms) = preSolution
		Debug|Any CPU = Debug|Any CPU
		Release|Any CPU = Release|Any CPU
	EndGlobalSection
	GlobalSection(ProjectConfigurationPlatforms) = postSolution
		{0310A9EA-BB43-40C0-A2D8-5045ECCC49AD}.Debug|Any CPU.ActiveCfg = Debug|Any CPU
		{0310A9EA-BB43-40C0-A2D8-5045ECCC49AD}.Debug|Any CPU.Build.0 = Debug|Any CPU
		{0310A9EA-BB43-40C0-A2D8-5045ECCC49AD}.Release|Any CPU.ActiveCfg = Release|Any CPU
		{0310A9EA-BB43-40C0-A2D8-5045ECCC49AD}.Release|Any CPU.Build.0 = Release|Any CPU
	EndGlobalSection
	GlobalSection(SolutionProperties) = preSolution
		HideSolutionNode = FALSE
	EndGlobalSection
	GlobalSection(ExtensibilityGlobals) = postSolution
		SolutionGuid = {C64D6E61-3783-4C9A-8EED-B0A071AA4A69}
	EndGlobalSection
EndGlobal
